
Microsoft Visual Studio Solution File, Format Version 12.00
# Visual Studio Version 16
VisualStudioVersion = 16.0.28803.452
MinimumVisualStudioVersion = 10.0.40219.1
Project("{FAE04EC0-301F-11D3-BF4B-00C04F79EFBC}") = "App1.UWP", "App1\App1.UWP\App1.UWP.csproj", "{A3D9DF76-0D31-49E3-9282-3D2259DD0AD8}"
EndProject
Project("{FAE04EC0-301F-11D3-BF4B-00C04F79EFBC}") = "App1.Android", "App1\App1.Android\App1.Android.csproj", "{28256D55-D471-4B83-B1E6-40C04D231546}"
EndProject
Project("{FAE04EC0-301F-11D3-BF4B-00C04F79EFBC}") = "App1", "App1\App1\App1.csproj", "{50433E58-DB4D-4A4F-90DC-CEF8F0752F2D}"
EndProject
Global
	GlobalSection(SolutionConfigurationPlatforms) = preSolution
		Debug|Any CPU = Debug|Any CPU
		Debug|ARM = Debug|ARM
		Debug|x64 = Debug|x64
		Debug|x86 = Debug|x86
		Release|Any CPU = Release|Any CPU
		Release|ARM = Release|ARM
		Release|x64 = Release|x64
		Release|x86 = Release|x86
	EndGlobalSection
	GlobalSection(ProjectConfigurationPlatforms) = postSolution
		{A3D9DF76-0D31-49E3-9282-3D2259DD0AD8}.Debug|Any CPU.ActiveCfg = Debug|x86
		{A3D9DF76-0D31-49E3-9282-3D2259DD0AD8}.Debug|Any CPU.Build.0 = Debug|x86
		{A3D9DF76-0D31-49E3-9282-3D2259DD0AD8}.Debug|Any CPU.Deploy.0 = Debug|x86
		{A3D9DF76-0D31-49E3-9282-3D2259DD0AD8}.Debug|ARM.ActiveCfg = Debug|ARM
		{A3D9DF76-0D31-49E3-9282-3D2259DD0AD8}.Debug|ARM.Build.0 = Debug|ARM
		{A3D9DF76-0D31-49E3-9282-3D2259DD0AD8}.Debug|ARM.Deploy.0 = Debug|ARM
		{A3D9DF76-0D31-49E3-9282-3D2259DD0AD8}.Debug|x64.ActiveCfg = Debug|x64
		{A3D9DF76-0D31-49E3-9282-3D2259DD0AD8}.Debug|x64.Build.0 = Debug|x64
		{A3D9DF76-0D31-49E3-9282-3D2259DD0AD8}.Debug|x64.Deploy.0 = Debug|x64
		{A3D9DF76-0D31-49E3-9282-3D2259DD0AD8}.Debug|x86.ActiveCfg = Debug|x86
		{A3D9DF76-0D31-49E3-9282-3D2259DD0AD8}.Debug|x86.Build.0 = Debug|x86
		{A3D9DF76-0D31-49E3-9282-3D2259DD0AD8}.Debug|x86.Deploy.0 = Debug|x86
		{A3D9DF76-0D31-49E3-9282-3D2259DD0AD8}.Release|Any CPU.ActiveCfg = Release|x86
		{A3D9DF76-0D31-49E3-9282-3D2259DD0AD8}.Release|Any CPU.Build.0 = Release|x86
		{A3D9DF76-0D31-49E3-9282-3D2259DD0AD8}.Release|Any CPU.Deploy.0 = Release|x86
		{A3D9DF76-0D31-49E3-9282-3D2259DD0AD8}.Release|ARM.ActiveCfg = Release|ARM
		{A3D9DF76-0D31-49E3-9282-3D2259DD0AD8}.Release|ARM.Build.0 = Release|ARM
		{A3D9DF76-0D31-49E3-9282-3D2259DD0AD8}.Release|ARM.Deploy.0 = Release|ARM
		{A3D9DF76-0D31-49E3-9282-3D2259DD0AD8}.Release|x64.ActiveCfg = Release|x64
		{A3D9DF76-0D31-49E3-9282-3D2259DD0AD8}.Release|x64.Build.0 = Release|x64
		{A3D9DF76-0D31-49E3-9282-3D2259DD0AD8}.Release|x64.Deploy.0 = Release|x64
		{A3D9DF76-0D31-49E3-9282-3D2259DD0AD8}.Release|x86.ActiveCfg = Release|x86
		{A3D9DF76-0D31-49E3-9282-3D2259DD0AD8}.Release|x86.Build.0 = Release|x86
		{A3D9DF76-0D31-49E3-9282-3D2259DD0AD8}.Release|x86.Deploy.0 = Release|x86
		{28256D55-D471-4B83-B1E6-40C04D231546}.Debug|Any CPU.ActiveCfg = Debug|Any CPU
		{28256D55-D471-4B83-B1E6-40C04D231546}.Debug|Any CPU.Build.0 = Debug|Any CPU
		{28256D55-D471-4B83-B1E6-40C04D231546}.Debug|Any CPU.Deploy.0 = Debug|Any CPU
		{28256D55-D471-4B83-B1E6-40C04D231546}.Debug|ARM.ActiveCfg = Debug|Any CPU
		{28256D55-D471-4B83-B1E6-40C04D231546}.Debug|ARM.Build.0 = Debug|Any CPU
		{28256D55-D471-4B83-B1E6-40C04D231546}.Debug|ARM.Deploy.0 = Debug|Any CPU
		{28256D55-D471-4B83-B1E6-40C04D231546}.Debug|x64.ActiveCfg = Debug|Any CPU
		{28256D55-D471-4B83-B1E6-40C04D231546}.Debug|x64.Build.0 = Debug|Any CPU
		{28256D55-D471-4B83-B1E6-40C04D231546}.Debug|x64.Deploy.0 = Debug|Any CPU
		{28256D55-D471-4B83-B1E6-40C04D231546}.Debug|x86.ActiveCfg = Debug|Any CPU
		{28256D55-D471-4B83-B1E6-40C04D231546}.Debug|x86.Build.0 = Debug|Any CPU
		{28256D55-D471-4B83-B1E6-40C04D231546}.Debug|x86.Deploy.0 = Debug|Any CPU
		{28256D55-D471-4B83-B1E6-40C04D231546}.Release|Any CPU.ActiveCfg = Release|Any CPU
		{28256D55-D471-4B83-B1E6-40C04D231546}.Release|Any CPU.Build.0 = Release|Any CPU
		{28256D55-D471-4B83-B1E6-40C04D231546}.Release|Any CPU.Deploy.0 = Release|Any CPU
		{28256D55-D471-4B83-B1E6-40C04D231546}.Release|ARM.ActiveCfg = Release|Any CPU
		{28256D55-D471-4B83-B1E6-40C04D231546}.Release|ARM.Build.0 = Release|Any CPU
		{28256D55-D471-4B83-B1E6-40C04D231546}.Release|ARM.Deploy.0 = Release|Any CPU
		{28256D55-D471-4B83-B1E6-40C04D231546}.Release|x64.ActiveCfg = Release|Any CPU
		{28256D55-D471-4B83-B1E6-40C04D231546}.Release|x64.Build.0 = Release|Any CPU
		{28256D55-D471-4B83-B1E6-40C04D231546}.Release|x64.Deploy.0 = Release|Any CPU
		{28256D55-D471-4B83-B1E6-40C04D231546}.Release|x86.ActiveCfg = Release|Any CPU
		{28256D55-D471-4B83-B1E6-40C04D231546}.Release|x86.Build.0 = Release|Any CPU
		{28256D55-D471-4B83-B1E6-40C04D231546}.Release|x86.Deploy.0 = Release|Any CPU
		{50433E58-DB4D-4A4F-90DC-CEF8F0752F2D}.Debug|Any CPU.ActiveCfg = Debug|Any CPU
		{50433E58-DB4D-4A4F-90DC-CEF8F0752F2D}.Debug|Any CPU.Build.0 = Debug|Any CPU
		{50433E58-DB4D-4A4F-90DC-CEF8F0752F2D}.Debug|Any CPU.Deploy.0 = Debug|Any CPU
		{50433E58-DB4D-4A4F-90DC-CEF8F0752F2D}.Debug|ARM.ActiveCfg = Debug|Any CPU
		{50433E58-DB4D-4A4F-90DC-CEF8F0752F2D}.Debug|ARM.Build.0 = Debug|Any CPU
		{50433E58-DB4D-4A4F-90DC-CEF8F0752F2D}.Debug|ARM.Deploy.0 = Debug|Any CPU
		{50433E58-DB4D-4A4F-90DC-CEF8F0752F2D}.Debug|x64.ActiveCfg = Debug|Any CPU
		{50433E58-DB4D-4A4F-90DC-CEF8F0752F2D}.Debug|x64.Build.0 = Debug|Any CPU
		{50433E58-DB4D-4A4F-90DC-CEF8F0752F2D}.Debug|x64.Deploy.0 = Debug|Any CPU
		{50433E58-DB4D-4A4F-90DC-CEF8F0752F2D}.Debug|x86.ActiveCfg = Debug|Any CPU
		{50433E58-DB4D-4A4F-90DC-CEF8F0752F2D}.Debug|x86.Build.0 = Debug|Any CPU
		{50433E58-DB4D-4A4F-90DC-CEF8F0752F2D}.Debug|x86.Deploy.0 = Debug|Any CPU
		{50433E58-DB4D-4A4F-90DC-CEF8F0752F2D}.Release|Any CPU.ActiveCfg = Release|Any CPU
		{50433E58-DB4D-4A4F-90DC-CEF8F0752F2D}.Release|Any CPU.Build.0 = Release|Any CPU
		{50433E58-DB4D-4A4F-90DC-CEF8F0752F2D}.Release|Any CPU.Deploy.0 = Release|Any CPU
		{50433E58-DB4D-4A4F-90DC-CEF8F0752F2D}.Release|ARM.ActiveCfg = Release|Any CPU
		{50433E58-DB4D-4A4F-90DC-CEF8F0752F2D}.Release|ARM.Build.0 = Release|Any CPU
		{50433E58-DB4D-4A4F-90DC-CEF8F0752F2D}.Release|ARM.Deploy.0 = Release|Any CPU
		{50433E58-DB4D-4A4F-90DC-CEF8F0752F2D}.Release|x64.ActiveCfg = Release|Any CPU
		{50433E58-DB4D-4A4F-90DC-CEF8F0752F2D}.Release|x64.Build.0 = Release|Any CPU
		{50433E58-DB4D-4A4F-90DC-CEF8F0752F2D}.Release|x64.Deploy.0 = Release|Any CPU
		{50433E58-DB4D-4A4F-90DC-CEF8F0752F2D}.Release|x86.ActiveCfg = Release|Any CPU
		{50433E58-DB4D-4A4F-90DC-CEF8F0752F2D}.Release|x86.Build.0 = Release|Any CPU
		{50433E58-DB4D-4A4F-90DC-CEF8F0752F2D}.Release|x86.Deploy.0 = Release|Any CPU
	EndGlobalSection
	GlobalSection(SolutionProperties) = preSolution
		HideSolutionNode = FALSE
	EndGlobalSection
	GlobalSection(ExtensibilityGlobals) = postSolution
		SolutionGuid = {6E3BA360-1415-4CF0-AC55-A45EE01BFB90}
	EndGlobalSection
EndGlobal
